
Microsoft Visual Studio Solution File, Format Version 12.00
# Visual Studio 15
VisualStudioVersion = 15.0.26430.13
MinimumVisualStudioVersion = 10.0.40219.1
Project("{8BC9CEB8-8B4A-11D0-8D11-00A0C91BC942}") = "ANN", "ANN\ANN.vcxproj", "{FE695E04-E9C1-4695-93D7-A29C99E7E7F4}"
EndProject
Global
	GlobalSection(Performance) = preSolution
		HasPerformanceSessions = true
	EndGlobalSection
	GlobalSection(SolutionConfigurationPlatforms) = preSolution
		Debug|x64 = Debug|x64
		Debug|x86 = Debug|x86
		DebugMT|x64 = DebugMT|x64
		DebugMT|x86 = DebugMT|x86
		PythonLib|x64 = PythonLib|x64
		PythonLib|x86 = PythonLib|x86
		Release|x64 = Release|x64
		Release|x86 = Release|x86
		ReleaseMT|x64 = ReleaseMT|x64
		ReleaseMT|x86 = ReleaseMT|x86
	EndGlobalSection
	GlobalSection(ProjectConfigurationPlatforms) = postSolution
		{FE695E04-E9C1-4695-93D7-A29C99E7E7F4}.Debug|x64.ActiveCfg = Debug|x64
		{FE695E04-E9C1-4695-93D7-A29C99E7E7F4}.Debug|x64.Build.0 = Debug|x64
		{FE695E04-E9C1-4695-93D7-A29C99E7E7F4}.Debug|x86.ActiveCfg = Debug|Win32
		{FE695E04-E9C1-4695-93D7-A29C99E7E7F4}.Debug|x86.Build.0 = Debug|Win32
		{FE695E04-E9C1-4695-93D7-A29C99E7E7F4}.DebugMT|x64.ActiveCfg = DebugMT|x64
		{FE695E04-E9C1-4695-93D7-A29C99E7E7F4}.DebugMT|x64.Build.0 = DebugMT|x64
		{FE695E04-E9C1-4695-93D7-A29C99E7E7F4}.DebugMT|x86.ActiveCfg = DebugMT|Win32
		{FE695E04-E9C1-4695-93D7-A29C99E7E7F4}.DebugMT|x86.Build.0 = DebugMT|Win32
		{FE695E04-E9C1-4695-93D7-A29C99E7E7F4}.PythonLib|x64.ActiveCfg = PythonLib|x64
		{FE695E04-E9C1-4695-93D7-A29C99E7E7F4}.PythonLib|x64.Build.0 = PythonLib|x64
		{FE695E04-E9C1-4695-93D7-A29C99E7E7F4}.PythonLib|x86.ActiveCfg = PythonLib|Win32
		{FE695E04-E9C1-4695-93D7-A29C99E7E7F4}.PythonLib|x86.Build.0 = PythonLib|Win32
		{FE695E04-E9C1-4695-93D7-A29C99E7E7F4}.Release|x64.ActiveCfg = Release|x64
		{FE695E04-E9C1-4695-93D7-A29C99E7E7F4}.Release|x64.Build.0 = Release|x64
		{FE695E04-E9C1-4695-93D7-A29C99E7E7F4}.Release|x86.ActiveCfg = Release|Win32
		{FE695E04-E9C1-4695-93D7-A29C99E7E7F4}.Release|x86.Build.0 = Release|Win32
		{FE695E04-E9C1-4695-93D7-A29C99E7E7F4}.ReleaseMT|x64.ActiveCfg = ReleaseMT|x64
		{FE695E04-E9C1-4695-93D7-A29C99E7E7F4}.ReleaseMT|x64.Build.0 = ReleaseMT|x64
		{FE695E04-E9C1-4695-93D7-A29C99E7E7F4}.ReleaseMT|x86.ActiveCfg = ReleaseMT|Win32
		{FE695E04-E9C1-4695-93D7-A29C99E7E7F4}.ReleaseMT|x86.Build.0 = ReleaseMT|Win32
	EndGlobalSection
	GlobalSection(SolutionProperties) = preSolution
		HideSolutionNode = FALSE
	EndGlobalSection
EndGlobal
